
Microsoft Visual Studio Solution File, Format Version 12.00
# Visual Studio Version 17
VisualStudioVersion = 17.7.34031.279
MinimumVisualStudioVersion = 10.0.40219.1
Project("{888888A0-9F3D-457C-B088-3A5042F75D52}") = "Iteration And Recursion", "Iteration And Recursion\Iteration And Recursion.pyproj", "{1138F226-8712-4E3B-80CA-DAAA2E7B5F85}"
EndProject
Global
	GlobalSection(SolutionConfigurationPlatforms) = preSolution
		Debug|Any CPU = Debug|Any CPU
		Release|Any CPU = Release|Any CPU
	EndGlobalSection
	GlobalSection(ProjectConfigurationPlatforms) = postSolution
		{1138F226-8712-4E3B-80CA-DAAA2E7B5F85}.Debug|Any CPU.ActiveCfg = Debug|Any CPU
		{1138F226-8712-4E3B-80CA-DAAA2E7B5F85}.Release|Any CPU.ActiveCfg = Release|Any CPU
	EndGlobalSection
	GlobalSection(SolutionProperties) = preSolution
		HideSolutionNode = FALSE
	EndGlobalSection
	GlobalSection(ExtensibilityGlobals) = postSolution
		SolutionGuid = {1146C810-FF51-4720-80CE-042FCF8BA173}
	EndGlobalSection
EndGlobal
